{"is_source_file": false, "format": "", "description": "", "external_files": [], "external_methods": [], "published": [], "classes": [], "methods": [], "calls": [], "search-terms": [], "state": 2, "file_id": 7, "knowledge_revision": 24, "git_revision": "05247952ce44ecfafc0a7d2074b8205231a5dc8c", "hash": "9c4ed7ef73e22b872b8055bec08b8979", "format-version": 4, "code-base-name": "default", "filename": "sunnyvibes/post_process_status.lock", "revision_history": [{"24": "05247952ce44ecfafc0a7d2074b8205231a5dc8c"}]}